// !$*UTF8*$!
{
	archiveVersion = 1;
	classes = {
	};
	objectVersion = 46;
	objects = {

/* Begin PBXBuildFile section */
		ED36A9A918F8702F001247AB /* Cocoa.framework in Frameworks */ = {isa = PBXBuildFile; fileRef = ED36A9A818F8702F001247AB /* Cocoa.framework */; };
		ED36A9B318F8702F001247AB /* InfoPlist.strings in Resources */ = {isa = PBXBuildFile; fileRef = ED36A9B118F8702F001247AB /* InfoPlist.strings */; };
		ED36A9B518F8702F001247AB /* main.m in Sources */ = {isa = PBXBuildFile; fileRef = ED36A9B418F8702F001247AB /* main.m */; };
		ED36A9B918F8702F001247AB /* Credits.rtf in Resources */ = {isa = PBXBuildFile; fileRef = ED36A9B718F8702F001247AB /* Credits.rtf */; };
		ED36A9BC18F8702F001247AB /* DBZ_AppDelegate.m in Sources */ = {isa = PBXBuildFile; fileRef = ED36A9BB18F8702F001247AB /* DBZ_AppDelegate.m */; };
		ED36A9BF18F8702F001247AB /* MainMenu.xib in Resources */ = {isa = PBXBuildFile; fileRef = ED36A9BD18F8702F001247AB /* MainMenu.xib */; };
		ED36A9C118F8702F001247AB /* Images.xcassets in Resources */ = {isa = PBXBuildFile; fileRef = ED36A9C018F8702F001247AB /* Images.xcassets */; };
		ED36A9C818F8702F001247AB /* XCTest.framework in Frameworks */ = {isa = PBXBuildFile; fileRef = ED36A9C718F8702F001247AB /* XCTest.framework */; };
		ED36A9C918F8702F001247AB /* Cocoa.framework in Frameworks */ = {isa = PBXBuildFile; fileRef = ED36A9A818F8702F001247AB /* Cocoa.framework */; };
		ED36A9D118F87030001247AB /* InfoPlist.strings in Resources */ = {isa = PBXBuildFile; fileRef = ED36A9CF18F87030001247AB /* InfoPlist.strings */; };
		ED36A9D318F87030001247AB /* Universal_Presenter_RemoteTests.m in Sources */ = {isa = PBXBuildFile; fileRef = ED36A9D218F87030001247AB /* Universal_Presenter_RemoteTests.m */; };
		ED36A9DF18F8706A001247AB /* DBZ_ConnectView.m in Sources */ = {isa = PBXBuildFile; fileRef = ED36A9DD18F8706A001247AB /* DBZ_ConnectView.m */; };
		ED36A9E018F8706A001247AB /* DBZ_ConnectView.xib in Resources */ = {isa = PBXBuildFile; fileRef = ED36A9DE18F8706A001247AB /* DBZ_ConnectView.xib */; };
		ED36A9E418F8707B001247AB /* DBZ_PresentView.m in Sources */ = {isa = PBXBuildFile; fileRef = ED36A9E218F8707B001247AB /* DBZ_PresentView.m */; };
		ED36A9E518F8707B001247AB /* DBZ_PresentView.xib in Resources */ = {isa = PBXBuildFile; fileRef = ED36A9E318F8707B001247AB /* DBZ_PresentView.xib */; };
		ED36A9E818F87093001247AB /* DBZ_ServerCommunication.m in Sources */ = {isa = PBXBuildFile; fileRef = ED36A9E718F87093001247AB /* DBZ_ServerCommunication.m */; };
		ED36A9EB18F870A0001247AB /* DBZ_SlideControl.m in Sources */ = {isa = PBXBuildFile; fileRef = ED36A9EA18F870A0001247AB /* DBZ_SlideControl.m */; };
		ED36A9F218F8775B001247AB /* left.scpt in Resources */ = {isa = PBXBuildFile; fileRef = ED36A9F018F8775B001247AB /* left.scpt */; };
		ED36A9F318F8775B001247AB /* right.scpt in Resources */ = {isa = PBXBuildFile; fileRef = ED36A9F118F8775B001247AB /* right.scpt */; };
/* End PBXBuildFile section */

/* Begin PBXContainerItemProxy section */
		ED36A9CA18F87030001247AB /* PBXContainerItemProxy */ = {
			isa = PBXContainerItemProxy;
			containerPortal = ED36A99D18F8702F001247AB /* Project object */;
			proxyType = 1;
			remoteGlobalIDString = ED36A9A418F8702F001247AB;
			remoteInfo = "Universal Presenter Remote";
		};
/* End PBXContainerItemProxy section */

/* Begin PBXFileReference section */
		ED36A9A518F8702F001247AB /* Universal Presenter Remote.app */ = {isa = PBXFileReference; explicitFileType = wrapper.application; includeInIndex = 0; path = "Universal Presenter Remote.app"; sourceTree = BUILT_PRODUCTS_DIR; };
		ED36A9A818F8702F001247AB /* Cocoa.framework */ = {isa = PBXFileReference; lastKnownFileType = wrapper.framework; name = Cocoa.framework; path = System/Library/Frameworks/Cocoa.framework; sourceTree = SDKROOT; };
		ED36A9AB18F8702F001247AB /* AppKit.framework */ = {isa = PBXFileReference; lastKnownFileType = wrapper.framework; name = AppKit.framework; path = System/Library/Frameworks/AppKit.framework; sourceTree = SDKROOT; };
		ED36A9AC18F8702F001247AB /* CoreData.framework */ = {isa = PBXFileReference; lastKnownFileType = wrapper.framework; name = CoreData.framework; path = System/Library/Frameworks/CoreData.framework; sourceTree = SDKROOT; };
		ED36A9AD18F8702F001247AB /* Foundation.framework */ = {isa = PBXFileReference; lastKnownFileType = wrapper.framework; name = Foundation.framework; path = System/Library/Frameworks/Foundation.framework; sourceTree = SDKROOT; };
		ED36A9B018F8702F001247AB /* Universal Presenter Remote-Info.plist */ = {isa = PBXFileReference; lastKnownFileType = text.plist.xml; path = "Universal Presenter Remote-Info.plist"; sourceTree = "<group>"; };
		ED36A9B218F8702F001247AB /* en */ = {isa = PBXFileReference; lastKnownFileType = text.plist.strings; name = en; path = en.lproj/InfoPlist.strings; sourceTree = "<group>"; };
		ED36A9B418F8702F001247AB /* main.m */ = {isa = PBXFileReference; lastKnownFileType = sourcecode.c.objc; path = main.m; sourceTree = "<group>"; };
		ED36A9B618F8702F001247AB /* Universal Presenter Remote-Prefix.pch */ = {isa = PBXFileReference; lastKnownFileType = sourcecode.c.h; path = "Universal Presenter Remote-Prefix.pch"; sourceTree = "<group>"; };
		ED36A9B818F8702F001247AB /* en */ = {isa = PBXFileReference; lastKnownFileType = text.rtf; name = en; path = en.lproj/Credits.rtf; sourceTree = "<group>"; };
		ED36A9BA18F8702F001247AB /* DBZ_AppDelegate.h */ = {isa = PBXFileReference; lastKnownFileType = sourcecode.c.h; path = DBZ_AppDelegate.h; sourceTree = "<group>"; };
		ED36A9BB18F8702F001247AB /* DBZ_AppDelegate.m */ = {isa = PBXFileReference; lastKnownFileType = sourcecode.c.objc; path = DBZ_AppDelegate.m; sourceTree = "<group>"; };
		ED36A9BE18F8702F001247AB /* Base */ = {isa = PBXFileReference; lastKnownFileType = file.xib; name = Base; path = Base.lproj/MainMenu.xib; sourceTree = "<group>"; };
		ED36A9C018F8702F001247AB /* Images.xcassets */ = {isa = PBXFileReference; lastKnownFileType = folder.assetcatalog; path = Images.xcassets; sourceTree = "<group>"; };
		ED36A9C618F8702F001247AB /* Universal Presenter RemoteTests.xctest */ = {isa = PBXFileReference; explicitFileType = wrapper.cfbundle; includeInIndex = 0; path = "Universal Presenter RemoteTests.xctest"; sourceTree = BUILT_PRODUCTS_DIR; };
		ED36A9C718F8702F001247AB /* XCTest.framework */ = {isa = PBXFileReference; lastKnownFileType = wrapper.framework; name = XCTest.framework; path = Library/Frameworks/XCTest.framework; sourceTree = DEVELOPER_DIR; };
		ED36A9CE18F87030001247AB /* Universal Presenter RemoteTests-Info.plist */ = {isa = PBXFileReference; lastKnownFileType = text.plist.xml; path = "Universal Presenter RemoteTests-Info.plist"; sourceTree = "<group>"; };
		ED36A9D018F87030001247AB /* en */ = {isa = PBXFileReference; lastKnownFileType = text.plist.strings; name = en; path = en.lproj/InfoPlist.strings; sourceTree = "<group>"; };
		ED36A9D218F87030001247AB /* Universal_Presenter_RemoteTests.m */ = {isa = PBXFileReference; lastKnownFileType = sourcecode.c.objc; path = Universal_Presenter_RemoteTests.m; sourceTree = "<group>"; };
		ED36A9DC18F8706A001247AB /* DBZ_ConnectView.h */ = {isa = PBXFileReference; fileEncoding = 4; lastKnownFileType = sourcecode.c.h; path = DBZ_ConnectView.h; sourceTree = "<group>"; };
		ED36A9DD18F8706A001247AB /* DBZ_ConnectView.m */ = {isa = PBXFileReference; fileEncoding = 4; lastKnownFileType = sourcecode.c.objc; path = DBZ_ConnectView.m; sourceTree = "<group>"; };
		ED36A9DE18F8706A001247AB /* DBZ_ConnectView.xib */ = {isa = PBXFileReference; fileEncoding = 4; lastKnownFileType = file.xib; path = DBZ_ConnectView.xib; sourceTree = "<group>"; };
		ED36A9E118F8707B001247AB /* DBZ_PresentView.h */ = {isa = PBXFileReference; fileEncoding = 4; lastKnownFileType = sourcecode.c.h; path = DBZ_PresentView.h; sourceTree = "<group>"; };
		ED36A9E218F8707B001247AB /* DBZ_PresentView.m */ = {isa = PBXFileReference; fileEncoding = 4; lastKnownFileType = sourcecode.c.objc; path = DBZ_PresentView.m; sourceTree = "<group>"; };
		ED36A9E318F8707B001247AB /* DBZ_PresentView.xib */ = {isa = PBXFileReference; fileEncoding = 4; lastKnownFileType = file.xib; path = DBZ_PresentView.xib; sourceTree = "<group>"; };
		ED36A9E618F87093001247AB /* DBZ_ServerCommunication.h */ = {isa = PBXFileReference; fileEncoding = 4; lastKnownFileType = sourcecode.c.h; path = DBZ_ServerCommunication.h; sourceTree = "<group>"; };
		ED36A9E718F87093001247AB /* DBZ_ServerCommunication.m */ = {isa = PBXFileReference; fileEncoding = 4; lastKnownFileType = sourcecode.c.objc; path = DBZ_ServerCommunication.m; sourceTree = "<group>"; };
		ED36A9E918F870A0001247AB /* DBZ_SlideControl.h */ = {isa = PBXFileReference; fileEncoding = 4; lastKnownFileType = sourcecode.c.h; path = DBZ_SlideControl.h; sourceTree = "<group>"; };
		ED36A9EA18F870A0001247AB /* DBZ_SlideControl.m */ = {isa = PBXFileReference; fileEncoding = 4; lastKnownFileType = sourcecode.c.objc; path = DBZ_SlideControl.m; sourceTree = "<group>"; };
		ED36A9F018F8775B001247AB /* left.scpt */ = {isa = PBXFileReference; fileEncoding = 4; lastKnownFileType = text; path = left.scpt; sourceTree = "<group>"; };
		ED36A9F118F8775B001247AB /* right.scpt */ = {isa = PBXFileReference; fileEncoding = 4; lastKnownFileType = text; path = right.scpt; sourceTree = "<group>"; };
/* End PBXFileReference section */

/* Begin PBXFrameworksBuildPhase section */
		ED36A9A218F8702F001247AB /* Frameworks */ = {
			isa = PBXFrameworksBuildPhase;
			buildActionMask = 2147483647;
			files = (
				ED36A9A918F8702F001247AB /* Cocoa.framework in Frameworks */,
			);
			runOnlyForDeploymentPostprocessing = 0;
		};
		ED36A9C318F8702F001247AB /* Frameworks */ = {
			isa = PBXFrameworksBuildPhase;
			buildActionMask = 2147483647;
			files = (
				ED36A9C918F8702F001247AB /* Cocoa.framework in Frameworks */,
				ED36A9C818F8702F001247AB /* XCTest.framework in Frameworks */,
			);
			runOnlyForDeploymentPostprocessing = 0;
		};
/* End PBXFrameworksBuildPhase section */

/* Begin PBXGroup section */
		ED36A99C18F8702F001247AB = {
			isa = PBXGroup;
			children = (
				ED36A9AE18F8702F001247AB /* Universal Presenter Remote */,
				ED36A9CC18F87030001247AB /* Universal Presenter RemoteTests */,
				ED36A9A718F8702F001247AB /* Frameworks */,
				ED36A9A618F8702F001247AB /* Products */,
			);
			sourceTree = "<group>";
		};
		ED36A9A618F8702F001247AB /* Products */ = {
			isa = PBXGroup;
			children = (
				ED36A9A518F8702F001247AB /* Universal Presenter Remote.app */,
				ED36A9C618F8702F001247AB /* Universal Presenter RemoteTests.xctest */,
			);
			name = Products;
			sourceTree = "<group>";
		};
		ED36A9A718F8702F001247AB /* Frameworks */ = {
			isa = PBXGroup;
			children = (
				ED36A9A818F8702F001247AB /* Cocoa.framework */,
				ED36A9C718F8702F001247AB /* XCTest.framework */,
				ED36A9AA18F8702F001247AB /* Other Frameworks */,
			);
			name = Frameworks;
			sourceTree = "<group>";
		};
		ED36A9AA18F8702F001247AB /* Other Frameworks */ = {
			isa = PBXGroup;
			children = (
				ED36A9AB18F8702F001247AB /* AppKit.framework */,
				ED36A9AC18F8702F001247AB /* CoreData.framework */,
				ED36A9AD18F8702F001247AB /* Foundation.framework */,
			);
			name = "Other Frameworks";
			sourceTree = "<group>";
		};
		ED36A9AE18F8702F001247AB /* Universal Presenter Remote */ = {
			isa = PBXGroup;
			children = (
				ED36A9EF18F8773D001247AB /* Scripts */,
				ED36A9EE18F870D4001247AB /* Classes */,
				ED36A9ED18F870BE001247AB /* Interfaces */,
				ED36A9EC18F870A5001247AB /* View Controllers */,
				ED36A9BA18F8702F001247AB /* DBZ_AppDelegate.h */,
				ED36A9BB18F8702F001247AB /* DBZ_AppDelegate.m */,
				ED36A9C018F8702F001247AB /* Images.xcassets */,
				ED36A9AF18F8702F001247AB /* Supporting Files */,
			);
			path = "Universal Presenter Remote";
			sourceTree = "<group>";
		};
		ED36A9AF18F8702F001247AB /* Supporting Files */ = {
			isa = PBXGroup;
			children = (
				ED36A9B018F8702F001247AB /* Universal Presenter Remote-Info.plist */,
				ED36A9B118F8702F001247AB /* InfoPlist.strings */,
				ED36A9B418F8702F001247AB /* main.m */,
				ED36A9B618F8702F001247AB /* Universal Presenter Remote-Prefix.pch */,
				ED36A9B718F8702F001247AB /* Credits.rtf */,
			);
			name = "Supporting Files";
			sourceTree = "<group>";
		};
		ED36A9CC18F87030001247AB /* Universal Presenter RemoteTests */ = {
			isa = PBXGroup;
			children = (
				ED36A9D218F87030001247AB /* Universal_Presenter_RemoteTests.m */,
				ED36A9CD18F87030001247AB /* Supporting Files */,
			);
			path = "Universal Presenter RemoteTests";
			sourceTree = "<group>";
		};
		ED36A9CD18F87030001247AB /* Supporting Files */ = {
			isa = PBXGroup;
			children = (
				ED36A9CE18F87030001247AB /* Universal Presenter RemoteTests-Info.plist */,
				ED36A9CF18F87030001247AB /* InfoPlist.strings */,
			);
			name = "Supporting Files";
			sourceTree = "<group>";
		};
		ED36A9EC18F870A5001247AB /* View Controllers */ = {
			isa = PBXGroup;
			children = (
				ED36A9DC18F8706A001247AB /* DBZ_ConnectView.h */,
				ED36A9DD18F8706A001247AB /* DBZ_ConnectView.m */,
				ED36A9E118F8707B001247AB /* DBZ_PresentView.h */,
				ED36A9E218F8707B001247AB /* DBZ_PresentView.m */,
			);
			name = "View Controllers";
			sourceTree = "<group>";
		};
		ED36A9ED18F870BE001247AB /* Interfaces */ = {
			isa = PBXGroup;
			children = (
				ED36A9BD18F8702F001247AB /* MainMenu.xib */,
				ED36A9DE18F8706A001247AB /* DBZ_ConnectView.xib */,
				ED36A9E318F8707B001247AB /* DBZ_PresentView.xib */,
			);
			name = Interfaces;
			sourceTree = "<group>";
		};
		ED36A9EE18F870D4001247AB /* Classes */ = {
			isa = PBXGroup;
			children = (
				ED36A9E618F87093001247AB /* DBZ_ServerCommunication.h */,
				ED36A9E718F87093001247AB /* DBZ_ServerCommunication.m */,
				ED36A9E918F870A0001247AB /* DBZ_SlideControl.h */,
				ED36A9EA18F870A0001247AB /* DBZ_SlideControl.m */,
			);
			name = Classes;
			sourceTree = "<group>";
		};
		ED36A9EF18F8773D001247AB /* Scripts */ = {
			isa = PBXGroup;
			children = (
				ED36A9F018F8775B001247AB /* left.scpt */,
				ED36A9F118F8775B001247AB /* right.scpt */,
			);
			name = Scripts;
			sourceTree = "<group>";
		};
/* End PBXGroup section */

/* Begin PBXNativeTarget section */
		ED36A9A418F8702F001247AB /* Universal Presenter Remote */ = {
			isa = PBXNativeTarget;
			buildConfigurationList = ED36A9D618F87030001247AB /* Build configuration list for PBXNativeTarget "Universal Presenter Remote" */;
			buildPhases = (
				ED36A9A118F8702F001247AB /* Sources */,
				ED36A9A218F8702F001247AB /* Frameworks */,
				ED36A9A318F8702F001247AB /* Resources */,
			);
			buildRules = (
			);
			dependencies = (
			);
			name = "Universal Presenter Remote";
			productName = "Universal Presenter Remote";
			productReference = ED36A9A518F8702F001247AB /* Universal Presenter Remote.app */;
			productType = "com.apple.product-type.application";
		};
		ED36A9C518F8702F001247AB /* Universal Presenter RemoteTests */ = {
			isa = PBXNativeTarget;
			buildConfigurationList = ED36A9D918F87030001247AB /* Build configuration list for PBXNativeTarget "Universal Presenter RemoteTests" */;
			buildPhases = (
				ED36A9C218F8702F001247AB /* Sources */,
				ED36A9C318F8702F001247AB /* Frameworks */,
				ED36A9C418F8702F001247AB /* Resources */,
			);
			buildRules = (
			);
			dependencies = (
				ED36A9CB18F87030001247AB /* PBXTargetDependency */,
			);
			name = "Universal Presenter RemoteTests";
			productName = "Universal Presenter RemoteTests";
			productReference = ED36A9C618F8702F001247AB /* Universal Presenter RemoteTests.xctest */;
			productType = "com.apple.product-type.bundle.unit-test";
		};
/* End PBXNativeTarget section */

/* Begin PBXProject section */
		ED36A99D18F8702F001247AB /* Project object */ = {
			isa = PBXProject;
			attributes = {
				CLASSPREFIX = DBZ_;
				LastUpgradeCheck = 0510;
				ORGANIZATIONNAME = "DBZ Technology";
				TargetAttributes = {
					ED36A9C518F8702F001247AB = {
						TestTargetID = ED36A9A418F8702F001247AB;
					};
				};
			};
			buildConfigurationList = ED36A9A018F8702F001247AB /* Build configuration list for PBXProject "Universal Presenter Remote" */;
			compatibilityVersion = "Xcode 3.2";
			developmentRegion = English;
			hasScannedForEncodings = 0;
			knownRegions = (
				en,
				Base,
			);
			mainGroup = ED36A99C18F8702F001247AB;
			productRefGroup = ED36A9A618F8702F001247AB /* Products */;
			projectDirPath = "";
			projectRoot = "";
			targets = (
				ED36A9A418F8702F001247AB /* Universal Presenter Remote */,
				ED36A9C518F8702F001247AB /* Universal Presenter RemoteTests */,
			);
		};
/* End PBXProject section */

/* Begin PBXResourcesBuildPhase section */
		ED36A9A318F8702F001247AB /* Resources */ = {
			isa = PBXResourcesBuildPhase;
			buildActionMask = 2147483647;
			files = (
				ED36A9F318F8775B001247AB /* right.scpt in Resources */,
				ED36A9B318F8702F001247AB /* InfoPlist.strings in Resources */,
				ED36A9C118F8702F001247AB /* Images.xcassets in Resources */,
				ED36A9E018F8706A001247AB /* DBZ_ConnectView.xib in Resources */,
				ED36A9B918F8702F001247AB /* Credits.rtf in Resources */,
				ED36A9BF18F8702F001247AB /* MainMenu.xib in Resources */,
				ED36A9F218F8775B001247AB /* left.scpt in Resources */,
				ED36A9E518F8707B001247AB /* DBZ_PresentView.xib in Resources */,
			);
			runOnlyForDeploymentPostprocessing = 0;
		};
		ED36A9C418F8702F001247AB /* Resources */ = {
			isa = PBXResourcesBuildPhase;
			buildActionMask = 2147483647;
			files = (
				ED36A9D118F87030001247AB /* InfoPlist.strings in Resources */,
			);
			runOnlyForDeploymentPostprocessing = 0;
		};
/* End PBXResourcesBuildPhase section */

/* Begin PBXSourcesBuildPhase section */
		ED36A9A118F8702F001247AB /* Sources */ = {
			isa = PBXSourcesBuildPhase;
			buildActionMask = 2147483647;
			files = (
				ED36A9B518F8702F001247AB /* main.m in Sources */,
				ED36A9DF18F8706A001247AB /* DBZ_ConnectView.m in Sources */,
				ED36A9BC18F8702F001247AB /* DBZ_AppDelegate.m in Sources */,
				ED36A9E418F8707B001247AB /* DBZ_PresentView.m in Sources */,
				ED36A9EB18F870A0001247AB /* DBZ_SlideControl.m in Sources */,
				ED36A9E818F87093001247AB /* DBZ_ServerCommunication.m in Sources */,
			);
			runOnlyForDeploymentPostprocessing = 0;
		};
		ED36A9C218F8702F001247AB /* Sources */ = {
			isa = PBXSourcesBuildPhase;
			buildActionMask = 2147483647;
			files = (
				ED36A9D318F87030001247AB /* Universal_Presenter_RemoteTests.m in Sources */,
			);
			runOnlyForDeploymentPostprocessing = 0;
		};
/* End PBXSourcesBuildPhase section */

/* Begin PBXTargetDependency section */
		ED36A9CB18F87030001247AB /* PBXTargetDependency */ = {
			isa = PBXTargetDependency;
			target = ED36A9A418F8702F001247AB /* Universal Presenter Remote */;
			targetProxy = ED36A9CA18F87030001247AB /* PBXContainerItemProxy */;
		};
/* End PBXTargetDependency section */

/* Begin PBXVariantGroup section */
		ED36A9B118F8702F001247AB /* InfoPlist.strings */ = {
			isa = PBXVariantGroup;
			children = (
				ED36A9B218F8702F001247AB /* en */,
			);
			name = InfoPlist.strings;
			sourceTree = "<group>";
		};
		ED36A9B718F8702F001247AB /* Credits.rtf */ = {
			isa = PBXVariantGroup;
			children = (
				ED36A9B818F8702F001247AB /* en */,
			);
			name = Credits.rtf;
			sourceTree = "<group>";
		};
		ED36A9BD18F8702F001247AB /* MainMenu.xib */ = {
			isa = PBXVariantGroup;
			children = (
				ED36A9BE18F8702F001247AB /* Base */,
			);
			name = MainMenu.xib;
			sourceTree = "<group>";
		};
		ED36A9CF18F87030001247AB /* InfoPlist.strings */ = {
			isa = PBXVariantGroup;
			children = (
				ED36A9D018F87030001247AB /* en */,
			);
			name = InfoPlist.strings;
			sourceTree = "<group>";
		};
/* End PBXVariantGroup section */

/* Begin XCBuildConfiguration section */
		ED36A9D418F87030001247AB /* Debug */ = {
			isa = XCBuildConfiguration;
			buildSettings = {
				ALWAYS_SEARCH_USER_PATHS = NO;
				CLANG_CXX_LANGUAGE_STANDARD = "gnu++0x";
				CLANG_CXX_LIBRARY = "libc++";
				CLANG_ENABLE_MODULES = YES;
				CLANG_ENABLE_OBJC_ARC = YES;
				CLANG_WARN_BOOL_CONVERSION = YES;
				CLANG_WARN_CONSTANT_CONVERSION = YES;
				CLANG_WARN_DIRECT_OBJC_ISA_USAGE = YES_ERROR;
				CLANG_WARN_EMPTY_BODY = YES;
				CLANG_WARN_ENUM_CONVERSION = YES;
				CLANG_WARN_INT_CONVERSION = YES;
				CLANG_WARN_OBJC_ROOT_CLASS = YES_ERROR;
				CLANG_WARN__DUPLICATE_METHOD_MATCH = YES;
				COPY_PHASE_STRIP = NO;
				GCC_C_LANGUAGE_STANDARD = gnu99;
				GCC_DYNAMIC_NO_PIC = NO;
				GCC_ENABLE_OBJC_EXCEPTIONS = YES;
				GCC_OPTIMIZATION_LEVEL = 0;
				GCC_PREPROCESSOR_DEFINITIONS = (
					"DEBUG=1",
					"$(inherited)",
				);
				GCC_SYMBOLS_PRIVATE_EXTERN = NO;
				GCC_WARN_64_TO_32_BIT_CONVERSION = YES;
				GCC_WARN_ABOUT_RETURN_TYPE = YES_ERROR;
				GCC_WARN_UNDECLARED_SELECTOR = YES;
				GCC_WARN_UNINITIALIZED_AUTOS = YES_AGGRESSIVE;
				GCC_WARN_UNUSED_FUNCTION = YES;
				GCC_WARN_UNUSED_VARIABLE = YES;
				MACOSX_DEPLOYMENT_TARGET = 10.9;
				ONLY_ACTIVE_ARCH = YES;
				SDKROOT = macosx;
			};
			name = Debug;
		};
		ED36A9D518F87030001247AB /* Release */ = {
			isa = XCBuildConfiguration;
			buildSettings = {
				ALWAYS_SEARCH_USER_PATHS = NO;
				CLANG_CXX_LANGUAGE_STANDARD = "gnu++0x";
				CLANG_CXX_LIBRARY = "libc++";
				CLANG_ENABLE_MODULES = YES;
				CLANG_ENABLE_OBJC_ARC = YES;
				CLANG_WARN_BOOL_CONVERSION = YES;
				CLANG_WARN_CONSTANT_CONVERSION = YES;
				CLANG_WARN_DIRECT_OBJC_ISA_USAGE = YES_ERROR;
				CLANG_WARN_EMPTY_BODY = YES;
				CLANG_WARN_ENUM_CONVERSION = YES;
				CLANG_WARN_INT_CONVERSION = YES;
				CLANG_WARN_OBJC_ROOT_CLASS = YES_ERROR;
				CLANG_WARN__DUPLICATE_METHOD_MATCH = YES;
				COPY_PHASE_STRIP = YES;
				DEBUG_INFORMATION_FORMAT = "dwarf-with-dsym";
				ENABLE_NS_ASSERTIONS = NO;
				GCC_C_LANGUAGE_STANDARD = gnu99;
				GCC_ENABLE_OBJC_EXCEPTIONS = YES;
				GCC_WARN_64_TO_32_BIT_CONVERSION = YES;
				GCC_WARN_ABOUT_RETURN_TYPE = YES_ERROR;
				GCC_WARN_UNDECLARED_SELECTOR = YES;
				GCC_WARN_UNINITIALIZED_AUTOS = YES_AGGRESSIVE;
				GCC_WARN_UNUSED_FUNCTION = YES;
				GCC_WARN_UNUSED_VARIABLE = YES;
				MACOSX_DEPLOYMENT_TARGET = 10.9;
				SDKROOT = macosx;
			};
			name = Release;
		};
		ED36A9D718F87030001247AB /* Debug */ = {
			isa = XCBuildConfiguration;
			buildSettings = {
				ASSETCATALOG_COMPILER_APPICON_NAME = AppIcon;
				COMBINE_HIDPI_IMAGES = YES;
				GCC_PRECOMPILE_PREFIX_HEADER = YES;
				GCC_PREFIX_HEADER = "Universal Presenter Remote/Universal Presenter Remote-Prefix.pch";
				INFOPLIST_FILE = "Universal Presenter Remote/Universal Presenter Remote-Info.plist";
				MACOSX_DEPLOYMENT_TARGET = 10.9;
				PRODUCT_NAME = "$(TARGET_NAME)";
				WRAPPER_EXTENSION = app;
			};
			name = Debug;
		};
		ED36A9D818F87030001247AB /* Release */ = {
			isa = XCBuildConfiguration;
			buildSettings = {
				ASSETCATALOG_COMPILER_APPICON_NAME = AppIcon;
				COMBINE_HIDPI_IMAGES = YES;
				GCC_PRECOMPILE_PREFIX_HEADER = YES;
				GCC_PREFIX_HEADER = "Universal Presenter Remote/Universal Presenter Remote-Prefix.pch";
				INFOPLIST_FILE = "Universal Presenter Remote/Universal Presenter Remote-Info.plist";
				MACOSX_DEPLOYMENT_TARGET = 10.9;
				PRODUCT_NAME = "$(TARGET_NAME)";
				WRAPPER_EXTENSION = app;
			};
			name = Release;
		};
		ED36A9DA18F87030001247AB /* Debug */ = {
			isa = XCBuildConfiguration;
			buildSettings = {
				BUNDLE_LOADER = "$(BUILT_PRODUCTS_DIR)/Universal Presenter Remote.app/Contents/MacOS/Universal Presenter Remote";
				COMBINE_HIDPI_IMAGES = YES;
				FRAMEWORK_SEARCH_PATHS = (
					"$(DEVELOPER_FRAMEWORKS_DIR)",
					"$(inherited)",
				);
				GCC_PRECOMPILE_PREFIX_HEADER = YES;
				GCC_PREFIX_HEADER = "Universal Presenter Remote/Universal Presenter Remote-Prefix.pch";
				GCC_PREPROCESSOR_DEFINITIONS = (
					"DEBUG=1",
					"$(inherited)",
				);
				INFOPLIST_FILE = "Universal Presenter RemoteTests/Universal Presenter RemoteTests-Info.plist";
				PRODUCT_NAME = "$(TARGET_NAME)";
				TEST_HOST = "$(BUNDLE_LOADER)";
				WRAPPER_EXTENSION = xctest;
			};
			name = Debug;
		};
		ED36A9DB18F87030001247AB /* Release */ = {
			isa = XCBuildConfiguration;
			buildSettings = {
				BUNDLE_LOADER = "$(BUILT_PRODUCTS_DIR)/Universal Presenter Remote.app/Contents/MacOS/Universal Presenter Remote";
				COMBINE_HIDPI_IMAGES = YES;
				FRAMEWORK_SEARCH_PATHS = (
					"$(DEVELOPER_FRAMEWORKS_DIR)",
					"$(inherited)",
				);
				GCC_PRECOMPILE_PREFIX_HEADER = YES;
				GCC_PREFIX_HEADER = "Universal Presenter Remote/Universal Presenter Remote-Prefix.pch";
				INFOPLIST_FILE = "Universal Presenter RemoteTests/Universal Presenter RemoteTests-Info.plist";
				PRODUCT_NAME = "$(TARGET_NAME)";
				TEST_HOST = "$(BUNDLE_LOADER)";
				WRAPPER_EXTENSION = xctest;
			};
			name = Release;
		};
/* End XCBuildConfiguration section */

/* Begin XCConfigurationList section */
		ED36A9A018F8702F001247AB /* Build configuration list for PBXProject "Universal Presenter Remote" */ = {
			isa = XCConfigurationList;
			buildConfigurations = (
				ED36A9D418F87030001247AB /* Debug */,
				ED36A9D518F87030001247AB /* Release */,
			);
			defaultConfigurationIsVisible = 0;
			defaultConfigurationName = Release;
		};
		ED36A9D618F87030001247AB /* Build configuration list for PBXNativeTarget "Universal Presenter Remote" */ = {
			isa = XCConfigurationList;
			buildConfigurations = (
				ED36A9D718F87030001247AB /* Debug */,
				ED36A9D818F87030001247AB /* Release */,
			);
			defaultConfigurationIsVisible = 0;
		};
		ED36A9D918F87030001247AB /* Build configuration list for PBXNativeTarget "Universal Presenter RemoteTests" */ = {
			isa = XCConfigurationList;
			buildConfigurations = (
				ED36A9DA18F87030001247AB /* Debug */,
				ED36A9DB18F87030001247AB /* Release */,
			);
			defaultConfigurationIsVisible = 0;
		};
/* End XCConfigurationList section */
	};
	rootObject = ED36A99D18F8702F001247AB /* Project object */;
}
