// !$*UTF8*$!
{
	archiveVersion = 1;
	classes = {
	};
	objectVersion = 46;
	objects = {

/* Begin PBXBuildFile section */
		ED0442A218E9E81B00A86738 /* DBZ_PresentWindowController.m in Sources */ = {isa = PBXBuildFile; fileRef = ED0442A018E9E81B00A86738 /* DBZ_PresentWindowController.m */; };
		ED0442A318E9E81B00A86738 /* DBZ_PresentWindowController.xib in Resources */ = {isa = PBXBuildFile; fileRef = ED0442A118E9E81B00A86738 /* DBZ_PresentWindowController.xib */; };
		ED3F404918E9374E00366531 /* Cocoa.framework in Frameworks */ = {isa = PBXBuildFile; fileRef = ED3F404818E9374E00366531 /* Cocoa.framework */; };
		ED3F405318E9374E00366531 /* InfoPlist.strings in Resources */ = {isa = PBXBuildFile; fileRef = ED3F405118E9374E00366531 /* InfoPlist.strings */; };
		ED3F405518E9374E00366531 /* main.m in Sources */ = {isa = PBXBuildFile; fileRef = ED3F405418E9374E00366531 /* main.m */; };
		ED3F405918E9374E00366531 /* Credits.rtf in Resources */ = {isa = PBXBuildFile; fileRef = ED3F405718E9374E00366531 /* Credits.rtf */; };
		ED3F405C18E9374E00366531 /* DBZ_AppDelegate.m in Sources */ = {isa = PBXBuildFile; fileRef = ED3F405B18E9374E00366531 /* DBZ_AppDelegate.m */; };
		ED3F405F18E9374E00366531 /* MainMenu.xib in Resources */ = {isa = PBXBuildFile; fileRef = ED3F405D18E9374E00366531 /* MainMenu.xib */; };
		ED3F406118E9374E00366531 /* Images.xcassets in Resources */ = {isa = PBXBuildFile; fileRef = ED3F406018E9374E00366531 /* Images.xcassets */; };
		ED3F406818E9374E00366531 /* XCTest.framework in Frameworks */ = {isa = PBXBuildFile; fileRef = ED3F406718E9374E00366531 /* XCTest.framework */; };
		ED3F406918E9374E00366531 /* Cocoa.framework in Frameworks */ = {isa = PBXBuildFile; fileRef = ED3F404818E9374E00366531 /* Cocoa.framework */; };
		ED3F407118E9374E00366531 /* InfoPlist.strings in Resources */ = {isa = PBXBuildFile; fileRef = ED3F406F18E9374E00366531 /* InfoPlist.strings */; };
		ED3F407318E9374E00366531 /* Universal_Presenter_RemoteTests.m in Sources */ = {isa = PBXBuildFile; fileRef = ED3F407218E9374E00366531 /* Universal_Presenter_RemoteTests.m */; };
/* End PBXBuildFile section */

/* Begin PBXContainerItemProxy section */
		ED3F406A18E9374E00366531 /* PBXContainerItemProxy */ = {
			isa = PBXContainerItemProxy;
			containerPortal = ED3F403D18E9374D00366531 /* Project object */;
			proxyType = 1;
			remoteGlobalIDString = ED3F404418E9374D00366531;
			remoteInfo = "Universal Presenter Remote";
		};
/* End PBXContainerItemProxy section */

/* Begin PBXFileReference section */
		ED04429F18E9E81B00A86738 /* DBZ_PresentWindowController.h */ = {isa = PBXFileReference; fileEncoding = 4; lastKnownFileType = sourcecode.c.h; path = DBZ_PresentWindowController.h; sourceTree = "<group>"; };
		ED0442A018E9E81B00A86738 /* DBZ_PresentWindowController.m */ = {isa = PBXFileReference; fileEncoding = 4; lastKnownFileType = sourcecode.c.objc; path = DBZ_PresentWindowController.m; sourceTree = "<group>"; };
		ED0442A118E9E81B00A86738 /* DBZ_PresentWindowController.xib */ = {isa = PBXFileReference; fileEncoding = 4; lastKnownFileType = file.xib; path = DBZ_PresentWindowController.xib; sourceTree = "<group>"; };
		ED3F404518E9374E00366531 /* Universal Presenter Remote.app */ = {isa = PBXFileReference; explicitFileType = wrapper.application; includeInIndex = 0; path = "Universal Presenter Remote.app"; sourceTree = BUILT_PRODUCTS_DIR; };
		ED3F404818E9374E00366531 /* Cocoa.framework */ = {isa = PBXFileReference; lastKnownFileType = wrapper.framework; name = Cocoa.framework; path = System/Library/Frameworks/Cocoa.framework; sourceTree = SDKROOT; };
		ED3F404B18E9374E00366531 /* AppKit.framework */ = {isa = PBXFileReference; lastKnownFileType = wrapper.framework; name = AppKit.framework; path = System/Library/Frameworks/AppKit.framework; sourceTree = SDKROOT; };
		ED3F404C18E9374E00366531 /* CoreData.framework */ = {isa = PBXFileReference; lastKnownFileType = wrapper.framework; name = CoreData.framework; path = System/Library/Frameworks/CoreData.framework; sourceTree = SDKROOT; };
		ED3F404D18E9374E00366531 /* Foundation.framework */ = {isa = PBXFileReference; lastKnownFileType = wrapper.framework; name = Foundation.framework; path = System/Library/Frameworks/Foundation.framework; sourceTree = SDKROOT; };
		ED3F405018E9374E00366531 /* Universal Presenter Remote-Info.plist */ = {isa = PBXFileReference; lastKnownFileType = text.plist.xml; path = "Universal Presenter Remote-Info.plist"; sourceTree = "<group>"; };
		ED3F405218E9374E00366531 /* en */ = {isa = PBXFileReference; lastKnownFileType = text.plist.strings; name = en; path = en.lproj/InfoPlist.strings; sourceTree = "<group>"; };
		ED3F405418E9374E00366531 /* main.m */ = {isa = PBXFileReference; lastKnownFileType = sourcecode.c.objc; path = main.m; sourceTree = "<group>"; };
		ED3F405618E9374E00366531 /* Universal Presenter Remote-Prefix.pch */ = {isa = PBXFileReference; lastKnownFileType = sourcecode.c.h; path = "Universal Presenter Remote-Prefix.pch"; sourceTree = "<group>"; };
		ED3F405818E9374E00366531 /* en */ = {isa = PBXFileReference; lastKnownFileType = text.rtf; name = en; path = en.lproj/Credits.rtf; sourceTree = "<group>"; };
		ED3F405A18E9374E00366531 /* DBZ_AppDelegate.h */ = {isa = PBXFileReference; lastKnownFileType = sourcecode.c.h; path = DBZ_AppDelegate.h; sourceTree = "<group>"; };
		ED3F405B18E9374E00366531 /* DBZ_AppDelegate.m */ = {isa = PBXFileReference; lastKnownFileType = sourcecode.c.objc; path = DBZ_AppDelegate.m; sourceTree = "<group>"; };
		ED3F405E18E9374E00366531 /* Base */ = {isa = PBXFileReference; lastKnownFileType = file.xib; name = Base; path = Base.lproj/MainMenu.xib; sourceTree = "<group>"; };
		ED3F406018E9374E00366531 /* Images.xcassets */ = {isa = PBXFileReference; lastKnownFileType = folder.assetcatalog; path = Images.xcassets; sourceTree = "<group>"; };
		ED3F406618E9374E00366531 /* Universal Presenter RemoteTests.xctest */ = {isa = PBXFileReference; explicitFileType = wrapper.cfbundle; includeInIndex = 0; path = "Universal Presenter RemoteTests.xctest"; sourceTree = BUILT_PRODUCTS_DIR; };
		ED3F406718E9374E00366531 /* XCTest.framework */ = {isa = PBXFileReference; lastKnownFileType = wrapper.framework; name = XCTest.framework; path = Library/Frameworks/XCTest.framework; sourceTree = DEVELOPER_DIR; };
		ED3F406E18E9374E00366531 /* Universal Presenter RemoteTests-Info.plist */ = {isa = PBXFileReference; lastKnownFileType = text.plist.xml; path = "Universal Presenter RemoteTests-Info.plist"; sourceTree = "<group>"; };
		ED3F407018E9374E00366531 /* en */ = {isa = PBXFileReference; lastKnownFileType = text.plist.strings; name = en; path = en.lproj/InfoPlist.strings; sourceTree = "<group>"; };
		ED3F407218E9374E00366531 /* Universal_Presenter_RemoteTests.m */ = {isa = PBXFileReference; lastKnownFileType = sourcecode.c.objc; path = Universal_Presenter_RemoteTests.m; sourceTree = "<group>"; };
		ED3F407C18E937AF00366531 /* Universal Presenter Remote.entitlements */ = {isa = PBXFileReference; lastKnownFileType = text.xml; path = "Universal Presenter Remote.entitlements"; sourceTree = "<group>"; };
/* End PBXFileReference section */

/* Begin PBXFrameworksBuildPhase section */
		ED3F404218E9374D00366531 /* Frameworks */ = {
			isa = PBXFrameworksBuildPhase;
			buildActionMask = 2147483647;
			files = (
				ED3F404918E9374E00366531 /* Cocoa.framework in Frameworks */,
			);
			runOnlyForDeploymentPostprocessing = 0;
		};
		ED3F406318E9374E00366531 /* Frameworks */ = {
			isa = PBXFrameworksBuildPhase;
			buildActionMask = 2147483647;
			files = (
				ED3F406918E9374E00366531 /* Cocoa.framework in Frameworks */,
				ED3F406818E9374E00366531 /* XCTest.framework in Frameworks */,
			);
			runOnlyForDeploymentPostprocessing = 0;
		};
/* End PBXFrameworksBuildPhase section */

/* Begin PBXGroup section */
		ED3F403C18E9374D00366531 = {
			isa = PBXGroup;
			children = (
				ED3F404E18E9374E00366531 /* Universal Presenter Remote */,
				ED3F406C18E9374E00366531 /* Universal Presenter RemoteTests */,
				ED3F404718E9374E00366531 /* Frameworks */,
				ED3F404618E9374E00366531 /* Products */,
			);
			sourceTree = "<group>";
		};
		ED3F404618E9374E00366531 /* Products */ = {
			isa = PBXGroup;
			children = (
				ED3F404518E9374E00366531 /* Universal Presenter Remote.app */,
				ED3F406618E9374E00366531 /* Universal Presenter RemoteTests.xctest */,
			);
			name = Products;
			sourceTree = "<group>";
		};
		ED3F404718E9374E00366531 /* Frameworks */ = {
			isa = PBXGroup;
			children = (
				ED3F404818E9374E00366531 /* Cocoa.framework */,
				ED3F406718E9374E00366531 /* XCTest.framework */,
				ED3F404A18E9374E00366531 /* Other Frameworks */,
			);
			name = Frameworks;
			sourceTree = "<group>";
		};
		ED3F404A18E9374E00366531 /* Other Frameworks */ = {
			isa = PBXGroup;
			children = (
				ED3F404B18E9374E00366531 /* AppKit.framework */,
				ED3F404C18E9374E00366531 /* CoreData.framework */,
				ED3F404D18E9374E00366531 /* Foundation.framework */,
			);
			name = "Other Frameworks";
			sourceTree = "<group>";
		};
		ED3F404E18E9374E00366531 /* Universal Presenter Remote */ = {
			isa = PBXGroup;
			children = (
				ED3F407C18E937AF00366531 /* Universal Presenter Remote.entitlements */,
				ED3F405A18E9374E00366531 /* DBZ_AppDelegate.h */,
				ED3F405B18E9374E00366531 /* DBZ_AppDelegate.m */,
				ED04429F18E9E81B00A86738 /* DBZ_PresentWindowController.h */,
				ED0442A018E9E81B00A86738 /* DBZ_PresentWindowController.m */,
				ED0442A118E9E81B00A86738 /* DBZ_PresentWindowController.xib */,
				ED3F405D18E9374E00366531 /* MainMenu.xib */,
				ED3F406018E9374E00366531 /* Images.xcassets */,
				ED3F404F18E9374E00366531 /* Supporting Files */,
			);
			path = "Universal Presenter Remote";
			sourceTree = "<group>";
		};
		ED3F404F18E9374E00366531 /* Supporting Files */ = {
			isa = PBXGroup;
			children = (
				ED3F405018E9374E00366531 /* Universal Presenter Remote-Info.plist */,
				ED3F405118E9374E00366531 /* InfoPlist.strings */,
				ED3F405418E9374E00366531 /* main.m */,
				ED3F405618E9374E00366531 /* Universal Presenter Remote-Prefix.pch */,
				ED3F405718E9374E00366531 /* Credits.rtf */,
			);
			name = "Supporting Files";
			sourceTree = "<group>";
		};
		ED3F406C18E9374E00366531 /* Universal Presenter RemoteTests */ = {
			isa = PBXGroup;
			children = (
				ED3F407218E9374E00366531 /* Universal_Presenter_RemoteTests.m */,
				ED3F406D18E9374E00366531 /* Supporting Files */,
			);
			path = "Universal Presenter RemoteTests";
			sourceTree = "<group>";
		};
		ED3F406D18E9374E00366531 /* Supporting Files */ = {
			isa = PBXGroup;
			children = (
				ED3F406E18E9374E00366531 /* Universal Presenter RemoteTests-Info.plist */,
				ED3F406F18E9374E00366531 /* InfoPlist.strings */,
			);
			name = "Supporting Files";
			sourceTree = "<group>";
		};
/* End PBXGroup section */

/* Begin PBXNativeTarget section */
		ED3F404418E9374D00366531 /* Universal Presenter Remote */ = {
			isa = PBXNativeTarget;
			buildConfigurationList = ED3F407618E9374E00366531 /* Build configuration list for PBXNativeTarget "Universal Presenter Remote" */;
			buildPhases = (
				ED3F404118E9374D00366531 /* Sources */,
				ED3F404218E9374D00366531 /* Frameworks */,
				ED3F404318E9374D00366531 /* Resources */,
			);
			buildRules = (
			);
			dependencies = (
			);
			name = "Universal Presenter Remote";
			productName = "Universal Presenter Remote";
			productReference = ED3F404518E9374E00366531 /* Universal Presenter Remote.app */;
			productType = "com.apple.product-type.application";
		};
		ED3F406518E9374E00366531 /* Universal Presenter RemoteTests */ = {
			isa = PBXNativeTarget;
			buildConfigurationList = ED3F407918E9374E00366531 /* Build configuration list for PBXNativeTarget "Universal Presenter RemoteTests" */;
			buildPhases = (
				ED3F406218E9374E00366531 /* Sources */,
				ED3F406318E9374E00366531 /* Frameworks */,
				ED3F406418E9374E00366531 /* Resources */,
			);
			buildRules = (
			);
			dependencies = (
				ED3F406B18E9374E00366531 /* PBXTargetDependency */,
			);
			name = "Universal Presenter RemoteTests";
			productName = "Universal Presenter RemoteTests";
			productReference = ED3F406618E9374E00366531 /* Universal Presenter RemoteTests.xctest */;
			productType = "com.apple.product-type.bundle.unit-test";
		};
/* End PBXNativeTarget section */

/* Begin PBXProject section */
		ED3F403D18E9374D00366531 /* Project object */ = {
			isa = PBXProject;
			attributes = {
				CLASSPREFIX = DBZ_;
				LastUpgradeCheck = 0500;
				ORGANIZATIONNAME = "DBZ Technology";
				TargetAttributes = {
					ED3F404418E9374D00366531 = {
						DevelopmentTeam = 93C4626635;
						SystemCapabilities = {
							com.apple.Sandbox = {
								enabled = 1;
							};
						};
					};
					ED3F406518E9374E00366531 = {
						TestTargetID = ED3F404418E9374D00366531;
					};
				};
			};
			buildConfigurationList = ED3F404018E9374D00366531 /* Build configuration list for PBXProject "Universal Presenter Remote" */;
			compatibilityVersion = "Xcode 3.2";
			developmentRegion = English;
			hasScannedForEncodings = 0;
			knownRegions = (
				en,
				Base,
			);
			mainGroup = ED3F403C18E9374D00366531;
			productRefGroup = ED3F404618E9374E00366531 /* Products */;
			projectDirPath = "";
			projectRoot = "";
			targets = (
				ED3F404418E9374D00366531 /* Universal Presenter Remote */,
				ED3F406518E9374E00366531 /* Universal Presenter RemoteTests */,
			);
		};
/* End PBXProject section */

/* Begin PBXResourcesBuildPhase section */
		ED3F404318E9374D00366531 /* Resources */ = {
			isa = PBXResourcesBuildPhase;
			buildActionMask = 2147483647;
			files = (
				ED3F405318E9374E00366531 /* InfoPlist.strings in Resources */,
				ED0442A318E9E81B00A86738 /* DBZ_PresentWindowController.xib in Resources */,
				ED3F406118E9374E00366531 /* Images.xcassets in Resources */,
				ED3F405918E9374E00366531 /* Credits.rtf in Resources */,
				ED3F405F18E9374E00366531 /* MainMenu.xib in Resources */,
			);
			runOnlyForDeploymentPostprocessing = 0;
		};
		ED3F406418E9374E00366531 /* Resources */ = {
			isa = PBXResourcesBuildPhase;
			buildActionMask = 2147483647;
			files = (
				ED3F407118E9374E00366531 /* InfoPlist.strings in Resources */,
			);
			runOnlyForDeploymentPostprocessing = 0;
		};
/* End PBXResourcesBuildPhase section */

/* Begin PBXSourcesBuildPhase section */
		ED3F404118E9374D00366531 /* Sources */ = {
			isa = PBXSourcesBuildPhase;
			buildActionMask = 2147483647;
			files = (
				ED3F405518E9374E00366531 /* main.m in Sources */,
				ED0442A218E9E81B00A86738 /* DBZ_PresentWindowController.m in Sources */,
				ED3F405C18E9374E00366531 /* DBZ_AppDelegate.m in Sources */,
			);
			runOnlyForDeploymentPostprocessing = 0;
		};
		ED3F406218E9374E00366531 /* Sources */ = {
			isa = PBXSourcesBuildPhase;
			buildActionMask = 2147483647;
			files = (
				ED3F407318E9374E00366531 /* Universal_Presenter_RemoteTests.m in Sources */,
			);
			runOnlyForDeploymentPostprocessing = 0;
		};
/* End PBXSourcesBuildPhase section */

/* Begin PBXTargetDependency section */
		ED3F406B18E9374E00366531 /* PBXTargetDependency */ = {
			isa = PBXTargetDependency;
			target = ED3F404418E9374D00366531 /* Universal Presenter Remote */;
			targetProxy = ED3F406A18E9374E00366531 /* PBXContainerItemProxy */;
		};
/* End PBXTargetDependency section */

/* Begin PBXVariantGroup section */
		ED3F405118E9374E00366531 /* InfoPlist.strings */ = {
			isa = PBXVariantGroup;
			children = (
				ED3F405218E9374E00366531 /* en */,
			);
			name = InfoPlist.strings;
			sourceTree = "<group>";
		};
		ED3F405718E9374E00366531 /* Credits.rtf */ = {
			isa = PBXVariantGroup;
			children = (
				ED3F405818E9374E00366531 /* en */,
			);
			name = Credits.rtf;
			sourceTree = "<group>";
		};
		ED3F405D18E9374E00366531 /* MainMenu.xib */ = {
			isa = PBXVariantGroup;
			children = (
				ED3F405E18E9374E00366531 /* Base */,
			);
			name = MainMenu.xib;
			sourceTree = "<group>";
		};
		ED3F406F18E9374E00366531 /* InfoPlist.strings */ = {
			isa = PBXVariantGroup;
			children = (
				ED3F407018E9374E00366531 /* en */,
			);
			name = InfoPlist.strings;
			sourceTree = "<group>";
		};
/* End PBXVariantGroup section */

/* Begin XCBuildConfiguration section */
		ED3F407418E9374E00366531 /* Debug */ = {
			isa = XCBuildConfiguration;
			buildSettings = {
				ALWAYS_SEARCH_USER_PATHS = NO;
				CLANG_CXX_LANGUAGE_STANDARD = "gnu++0x";
				CLANG_CXX_LIBRARY = "libc++";
				CLANG_ENABLE_OBJC_ARC = YES;
				CLANG_WARN_BOOL_CONVERSION = YES;
				CLANG_WARN_CONSTANT_CONVERSION = YES;
				CLANG_WARN_DIRECT_OBJC_ISA_USAGE = YES_ERROR;
				CLANG_WARN_EMPTY_BODY = YES;
				CLANG_WARN_ENUM_CONVERSION = YES;
				CLANG_WARN_INT_CONVERSION = YES;
				CLANG_WARN_OBJC_ROOT_CLASS = YES_ERROR;
				CLANG_WARN__DUPLICATE_METHOD_MATCH = YES;
				COPY_PHASE_STRIP = NO;
				GCC_C_LANGUAGE_STANDARD = gnu99;
				GCC_DYNAMIC_NO_PIC = NO;
				GCC_ENABLE_OBJC_EXCEPTIONS = YES;
				GCC_OPTIMIZATION_LEVEL = 0;
				GCC_PREPROCESSOR_DEFINITIONS = (
					"DEBUG=1",
					"$(inherited)",
				);
				GCC_SYMBOLS_PRIVATE_EXTERN = NO;
				GCC_WARN_64_TO_32_BIT_CONVERSION = YES;
				GCC_WARN_ABOUT_RETURN_TYPE = YES_ERROR;
				GCC_WARN_UNDECLARED_SELECTOR = YES;
				GCC_WARN_UNINITIALIZED_AUTOS = YES;
				GCC_WARN_UNUSED_FUNCTION = YES;
				GCC_WARN_UNUSED_VARIABLE = YES;
				MACOSX_DEPLOYMENT_TARGET = 10.9;
				ONLY_ACTIVE_ARCH = YES;
				SDKROOT = macosx;
			};
			name = Debug;
		};
		ED3F407518E9374E00366531 /* Release */ = {
			isa = XCBuildConfiguration;
			buildSettings = {
				ALWAYS_SEARCH_USER_PATHS = NO;
				CLANG_CXX_LANGUAGE_STANDARD = "gnu++0x";
				CLANG_CXX_LIBRARY = "libc++";
				CLANG_ENABLE_OBJC_ARC = YES;
				CLANG_WARN_BOOL_CONVERSION = YES;
				CLANG_WARN_CONSTANT_CONVERSION = YES;
				CLANG_WARN_DIRECT_OBJC_ISA_USAGE = YES_ERROR;
				CLANG_WARN_EMPTY_BODY = YES;
				CLANG_WARN_ENUM_CONVERSION = YES;
				CLANG_WARN_INT_CONVERSION = YES;
				CLANG_WARN_OBJC_ROOT_CLASS = YES_ERROR;
				CLANG_WARN__DUPLICATE_METHOD_MATCH = YES;
				COPY_PHASE_STRIP = YES;
				DEBUG_INFORMATION_FORMAT = "dwarf-with-dsym";
				ENABLE_NS_ASSERTIONS = NO;
				GCC_C_LANGUAGE_STANDARD = gnu99;
				GCC_ENABLE_OBJC_EXCEPTIONS = YES;
				GCC_WARN_64_TO_32_BIT_CONVERSION = YES;
				GCC_WARN_ABOUT_RETURN_TYPE = YES_ERROR;
				GCC_WARN_UNDECLARED_SELECTOR = YES;
				GCC_WARN_UNINITIALIZED_AUTOS = YES;
				GCC_WARN_UNUSED_FUNCTION = YES;
				GCC_WARN_UNUSED_VARIABLE = YES;
				MACOSX_DEPLOYMENT_TARGET = 10.9;
				SDKROOT = macosx;
			};
			name = Release;
		};
		ED3F407718E9374E00366531 /* Debug */ = {
			isa = XCBuildConfiguration;
			buildSettings = {
				ASSETCATALOG_COMPILER_APPICON_NAME = AppIcon;
				CODE_SIGN_ENTITLEMENTS = "Universal Presenter Remote/Universal Presenter Remote.entitlements";
				COMBINE_HIDPI_IMAGES = YES;
				GCC_PRECOMPILE_PREFIX_HEADER = YES;
				GCC_PREFIX_HEADER = "Universal Presenter Remote/Universal Presenter Remote-Prefix.pch";
				INFOPLIST_FILE = "Universal Presenter Remote/Universal Presenter Remote-Info.plist";
				MACOSX_DEPLOYMENT_TARGET = 10.9;
				PRODUCT_NAME = "$(TARGET_NAME)";
				WRAPPER_EXTENSION = app;
			};
			name = Debug;
		};
		ED3F407818E9374E00366531 /* Release */ = {
			isa = XCBuildConfiguration;
			buildSettings = {
				ASSETCATALOG_COMPILER_APPICON_NAME = AppIcon;
				CODE_SIGN_ENTITLEMENTS = "Universal Presenter Remote/Universal Presenter Remote.entitlements";
				COMBINE_HIDPI_IMAGES = YES;
				GCC_PRECOMPILE_PREFIX_HEADER = YES;
				GCC_PREFIX_HEADER = "Universal Presenter Remote/Universal Presenter Remote-Prefix.pch";
				INFOPLIST_FILE = "Universal Presenter Remote/Universal Presenter Remote-Info.plist";
				MACOSX_DEPLOYMENT_TARGET = 10.9;
				PRODUCT_NAME = "$(TARGET_NAME)";
				WRAPPER_EXTENSION = app;
			};
			name = Release;
		};
		ED3F407A18E9374E00366531 /* Debug */ = {
			isa = XCBuildConfiguration;
			buildSettings = {
				BUNDLE_LOADER = "$(BUILT_PRODUCTS_DIR)/Universal Presenter Remote.app/Contents/MacOS/Universal Presenter Remote";
				COMBINE_HIDPI_IMAGES = YES;
				FRAMEWORK_SEARCH_PATHS = (
					"$(DEVELOPER_FRAMEWORKS_DIR)",
					"$(inherited)",
				);
				GCC_PRECOMPILE_PREFIX_HEADER = YES;
				GCC_PREFIX_HEADER = "Universal Presenter Remote/Universal Presenter Remote-Prefix.pch";
				GCC_PREPROCESSOR_DEFINITIONS = (
					"DEBUG=1",
					"$(inherited)",
				);
				INFOPLIST_FILE = "Universal Presenter RemoteTests/Universal Presenter RemoteTests-Info.plist";
				PRODUCT_NAME = "$(TARGET_NAME)";
				TEST_HOST = "$(BUNDLE_LOADER)";
				WRAPPER_EXTENSION = xctest;
			};
			name = Debug;
		};
		ED3F407B18E9374E00366531 /* Release */ = {
			isa = XCBuildConfiguration;
			buildSettings = {
				BUNDLE_LOADER = "$(BUILT_PRODUCTS_DIR)/Universal Presenter Remote.app/Contents/MacOS/Universal Presenter Remote";
				COMBINE_HIDPI_IMAGES = YES;
				FRAMEWORK_SEARCH_PATHS = (
					"$(DEVELOPER_FRAMEWORKS_DIR)",
					"$(inherited)",
				);
				GCC_PRECOMPILE_PREFIX_HEADER = YES;
				GCC_PREFIX_HEADER = "Universal Presenter Remote/Universal Presenter Remote-Prefix.pch";
				INFOPLIST_FILE = "Universal Presenter RemoteTests/Universal Presenter RemoteTests-Info.plist";
				PRODUCT_NAME = "$(TARGET_NAME)";
				TEST_HOST = "$(BUNDLE_LOADER)";
				WRAPPER_EXTENSION = xctest;
			};
			name = Release;
		};
/* End XCBuildConfiguration section */

/* Begin XCConfigurationList section */
		ED3F404018E9374D00366531 /* Build configuration list for PBXProject "Universal Presenter Remote" */ = {
			isa = XCConfigurationList;
			buildConfigurations = (
				ED3F407418E9374E00366531 /* Debug */,
				ED3F407518E9374E00366531 /* Release */,
			);
			defaultConfigurationIsVisible = 0;
			defaultConfigurationName = Release;
		};
		ED3F407618E9374E00366531 /* Build configuration list for PBXNativeTarget "Universal Presenter Remote" */ = {
			isa = XCConfigurationList;
			buildConfigurations = (
				ED3F407718E9374E00366531 /* Debug */,
				ED3F407818E9374E00366531 /* Release */,
			);
			defaultConfigurationIsVisible = 0;
			defaultConfigurationName = Release;
		};
		ED3F407918E9374E00366531 /* Build configuration list for PBXNativeTarget "Universal Presenter RemoteTests" */ = {
			isa = XCConfigurationList;
			buildConfigurations = (
				ED3F407A18E9374E00366531 /* Debug */,
				ED3F407B18E9374E00366531 /* Release */,
			);
			defaultConfigurationIsVisible = 0;
			defaultConfigurationName = Release;
		};
/* End XCConfigurationList section */
	};
	rootObject = ED3F403D18E9374D00366531 /* Project object */;
}
